
Microsoft Visual Studio Solution File, Format Version 12.00
# Visual Studio Version 17
VisualStudioVersion = 17.8.34330.188
MinimumVisualStudioVersion = 10.0.40219.1
Project("{FAE04EC0-301F-11D3-BF4B-00C04F79EFBC}") = "Server", "Server.csproj", "{57931AB0-1B4F-4832-8B51-36ADD1699EAE}"
EndProject
Project("{FAE04EC0-301F-11D3-BF4B-00C04F79EFBC}") = "Client", "..\Client\Client.csproj", "{0B639636-CE7A-4587-8037-242F6D2F663B}"
EndProject
Global
	GlobalSection(SolutionConfigurationPlatforms) = preSolution
		Debug|Any CPU = Debug|Any CPU
		Release|Any CPU = Release|Any CPU
	EndGlobalSection
	GlobalSection(ProjectConfigurationPlatforms) = postSolution
		{57931AB0-1B4F-4832-8B51-36ADD1699EAE}.Debug|Any CPU.ActiveCfg = Debug|Any CPU
		{57931AB0-1B4F-4832-8B51-36ADD1699EAE}.Debug|Any CPU.Build.0 = Debug|Any CPU
		{57931AB0-1B4F-4832-8B51-36ADD1699EAE}.Release|Any CPU.ActiveCfg = Release|Any CPU
		{57931AB0-1B4F-4832-8B51-36ADD1699EAE}.Release|Any CPU.Build.0 = Release|Any CPU
		{0B639636-CE7A-4587-8037-242F6D2F663B}.Debug|Any CPU.ActiveCfg = Debug|Any CPU
		{0B639636-CE7A-4587-8037-242F6D2F663B}.Debug|Any CPU.Build.0 = Debug|Any CPU
		{0B639636-CE7A-4587-8037-242F6D2F663B}.Release|Any CPU.ActiveCfg = Release|Any CPU
		{0B639636-CE7A-4587-8037-242F6D2F663B}.Release|Any CPU.Build.0 = Release|Any CPU
	EndGlobalSection
	GlobalSection(SolutionProperties) = preSolution
		HideSolutionNode = FALSE
	EndGlobalSection
	GlobalSection(ExtensibilityGlobals) = postSolution
		SolutionGuid = {09368267-D24A-4B5E-8ED6-8CE29314630A}
	EndGlobalSection
EndGlobal
